<?xml version="1.0" encoding="UTF-8"?>
<!DOCTYPE plist PUBLIC "-//Apple//DTD PLIST 1.0//EN" "http://www.apple.com/DTDs/PropertyList-1.0.dtd">
<plist version="1.0">
<dict>
	<key>archiveVersion</key>
	<string>1</string>
	<key>classes</key>
	<dict/>
	<key>objectVersion</key>
	<string>46</string>
	<key>objects</key>
	<dict>
		<key>628CE7BEE875440AA82974FF</key>
		<dict>
			<key>explicitFileType</key>
			<string>archive.ar</string>
			<key>includeInIndex</key>
			<string>0</string>
			<key>isa</key>
			<string>PBXFileReference</string>
			<key>path</key>
			<string>libPods.a</string>
			<key>sourceTree</key>
			<string>BUILT_PRODUCTS_DIR</string>
		</dict>
		<key>6AC68BB82A1A423A8C29610D</key>
		<dict>
			<key>buildActionMask</key>
			<string>2147483647</string>
			<key>files</key>
			<array/>
			<key>inputPaths</key>
			<array/>
			<key>isa</key>
			<string>PBXShellScriptBuildPhase</string>
			<key>name</key>
			<string>Check Pods Manifest.lock</string>
			<key>outputPaths</key>
			<array/>
			<key>runOnlyForDeploymentPostprocessing</key>
			<string>0</string>
			<key>shellPath</key>
			<string>/bin/sh</string>
			<key>shellScript</key>
			<string>diff "${PODS_ROOT}/../Podfile.lock" "${PODS_ROOT}/Manifest.lock" &gt; /dev/null
if [[ $? != 0 ]] ; then
    cat &lt;&lt; EOM
error: The sandbox is not in sync with the Podfile.lock. Run 'pod install' or update your CocoaPods installation.
EOM
    exit 1
fi
</string>
			<key>showEnvVarsInLog</key>
			<string>0</string>
		</dict>
		<key>6D04734C1848997600D43E86</key>
		<dict>
			<key>children</key>
			<array>
				<string>6D16D2E1184C902B004FFE22</string>
				<string>6D16D2E2184C902B004FFE22</string>
				<string>6D16D2E3184C902B004FFE22</string>
				<string>6D16D2E4184C902B004FFE22</string>
				<string>6D16D2E5184C902B004FFE22</string>
				<string>6D16D2E6184C902B004FFE22</string>
			</array>
			<key>isa</key>
			<string>PBXGroup</string>
			<key>name</key>
			<string>Objects</string>
			<key>sourceTree</key>
			<string>&lt;group&gt;</string>
		</dict>
		<key>6D16D2C3184C8977004FFE22</key>
		<dict>
			<key>children</key>
			<array>
				<string>6D16D2D4184C9018004FFE22</string>
				<string>6D16D2D5184C9018004FFE22</string>
				<string>6D16D2D6184C9018004FFE22</string>
				<string>6D16D2D7184C9018004FFE22</string>
				<string>6D16D2D8184C9018004FFE22</string>
				<string>6D16D2D9184C9018004FFE22</string>
				<string>6D16D2DA184C9018004FFE22</string>
				<string>6D16D2DB184C9018004FFE22</string>
			</array>
			<key>isa</key>
			<string>PBXGroup</string>
			<key>name</key>
			<string>Cells</string>
			<key>sourceTree</key>
			<string>&lt;group&gt;</string>
		</dict>
		<key>6D16D2C4184C8F9A004FFE22</key>
		<dict>
			<key>isa</key>
			<string>PBXFileReference</string>
			<key>lastKnownFileType</key>
			<string>folder.assetcatalog</string>
			<key>name</key>
			<string>Images.xcassets</string>
			<key>path</key>
			<string>RichTextViewDemo/Images.xcassets</string>
			<key>sourceTree</key>
			<string>SOURCE_ROOT</string>
		</dict>
		<key>6D16D2C5184C8F9A004FFE22</key>
		<dict>
			<key>fileEncoding</key>
			<string>4</string>
			<key>isa</key>
			<string>PBXFileReference</string>
			<key>lastKnownFileType</key>
			<string>sourcecode.c.h</string>
			<key>name</key>
			<string>SZAppDelegate.h</string>
			<key>path</key>
			<string>RichTextViewDemo/SZAppDelegate.h</string>
			<key>sourceTree</key>
			<string>SOURCE_ROOT</string>
		</dict>
		<key>6D16D2C6184C8F9A004FFE22</key>
		<dict>
			<key>fileEncoding</key>
			<string>4</string>
			<key>isa</key>
			<string>PBXFileReference</string>
			<key>lastKnownFileType</key>
			<string>sourcecode.c.objc</string>
			<key>name</key>
			<string>SZAppDelegate.m</string>
			<key>path</key>
			<string>RichTextViewDemo/SZAppDelegate.m</string>
			<key>sourceTree</key>
			<string>SOURCE_ROOT</string>
		</dict>
		<key>6D16D2C7184C8F9A004FFE22</key>
		<dict>
			<key>fileRef</key>
			<string>6D16D2C4184C8F9A004FFE22</string>
			<key>isa</key>
			<string>PBXBuildFile</string>
		</dict>
		<key>6D16D2C8184C8F9A004FFE22</key>
		<dict>
			<key>fileRef</key>
			<string>6D16D2C6184C8F9A004FFE22</string>
			<key>isa</key>
			<string>PBXBuildFile</string>
		</dict>
		<key>6D16D2C9184C8FD8004FFE22</key>
		<dict>
			<key>fileEncoding</key>
			<string>4</string>
			<key>isa</key>
			<string>PBXFileReference</string>
			<key>lastKnownFileType</key>
			<string>text.plist.xml</string>
			<key>name</key>
			<string>RichTextViewDemo-Info.plist</string>
			<key>path</key>
			<string>RichTextViewDemo/RichTextViewDemo-Info.plist</string>
			<key>sourceTree</key>
			<string>SOURCE_ROOT</string>
		</dict>
		<key>6D16D2CA184C8FD8004FFE22</key>
		<dict>
			<key>fileRef</key>
			<string>6D16D2C9184C8FD8004FFE22</string>
			<key>isa</key>
			<string>PBXBuildFile</string>
		</dict>
		<key>6D16D2CB184C8FE7004FFE22</key>
		<dict>
			<key>children</key>
			<array>
				<string>6D16D2CC184C8FE7004FFE22</string>
			</array>
			<key>isa</key>
			<string>PBXVariantGroup</string>
			<key>name</key>
			<string>InfoPlist.strings</string>
			<key>sourceTree</key>
			<string>&lt;group&gt;</string>
		</dict>
		<key>6D16D2CC184C8FE7004FFE22</key>
		<dict>
			<key>isa</key>
			<string>PBXFileReference</string>
			<key>lastKnownFileType</key>
			<string>text.plist.strings</string>
			<key>name</key>
			<string>en</string>
			<key>path</key>
			<string>RichTextViewDemo/en.lproj/InfoPlist.strings</string>
			<key>sourceTree</key>
			<string>SOURCE_ROOT</string>
		</dict>
		<key>6D16D2CD184C8FE7004FFE22</key>
		<dict>
			<key>fileRef</key>
			<string>6D16D2CB184C8FE7004FFE22</string>
			<key>isa</key>
			<string>PBXBuildFile</string>
		</dict>
		<key>6D16D2CE184C8FF7004FFE22</key>
		<dict>
			<key>fileEncoding</key>
			<string>4</string>
			<key>isa</key>
			<string>PBXFileReference</string>
			<key>lastKnownFileType</key>
			<string>sourcecode.c.objc</string>
			<key>name</key>
			<string>main.m</string>
			<key>path</key>
			<string>RichTextViewDemo/main.m</string>
			<key>sourceTree</key>
			<string>SOURCE_ROOT</string>
		</dict>
		<key>6D16D2CF184C8FF7004FFE22</key>
		<dict>
			<key>fileEncoding</key>
			<string>4</string>
			<key>isa</key>
			<string>PBXFileReference</string>
			<key>lastKnownFileType</key>
			<string>sourcecode.c.h</string>
			<key>name</key>
			<string>RichTextViewDemo-Prefix.pch</string>
			<key>path</key>
			<string>RichTextViewDemo/RichTextViewDemo-Prefix.pch</string>
			<key>sourceTree</key>
			<string>SOURCE_ROOT</string>
		</dict>
		<key>6D16D2D0184C8FF7004FFE22</key>
		<dict>
			<key>fileRef</key>
			<string>6D16D2CE184C8FF7004FFE22</string>
			<key>isa</key>
			<string>PBXBuildFile</string>
		</dict>
		<key>6D16D2D1184C9006004FFE22</key>
		<dict>
			<key>fileEncoding</key>
			<string>4</string>
			<key>isa</key>
			<string>PBXFileReference</string>
			<key>lastKnownFileType</key>
			<string>sourcecode.c.h</string>
			<key>name</key>
			<string>SZRichTextViewController.h</string>
			<key>path</key>
			<string>RichTextViewDemo/SZRichTextViewController.h</string>
			<key>sourceTree</key>
			<string>SOURCE_ROOT</string>
		</dict>
		<key>6D16D2D2184C9006004FFE22</key>
		<dict>
			<key>fileEncoding</key>
			<string>4</string>
			<key>isa</key>
			<string>PBXFileReference</string>
			<key>lastKnownFileType</key>
			<string>sourcecode.c.objc</string>
			<key>name</key>
			<string>SZRichTextViewController.m</string>
			<key>path</key>
			<string>RichTextViewDemo/SZRichTextViewController.m</string>
			<key>sourceTree</key>
			<string>SOURCE_ROOT</string>
		</dict>
		<key>6D16D2D3184C9006004FFE22</key>
		<dict>
			<key>fileRef</key>
			<string>6D16D2D2184C9006004FFE22</string>
			<key>isa</key>
			<string>PBXBuildFile</string>
		</dict>
		<key>6D16D2D4184C9018004FFE22</key>
		<dict>
			<key>fileEncoding</key>
			<string>4</string>
			<key>isa</key>
			<string>PBXFileReference</string>
			<key>lastKnownFileType</key>
			<string>sourcecode.c.h</string>
			<key>name</key>
			<string>SZImageCollectionViewCell.h</string>
			<key>path</key>
			<string>RichTextViewDemo/SZImageCollectionViewCell.h</string>
			<key>sourceTree</key>
			<string>SOURCE_ROOT</string>
		</dict>
		<key>6D16D2D5184C9018004FFE22</key>
		<dict>
			<key>fileEncoding</key>
			<string>4</string>
			<key>isa</key>
			<string>PBXFileReference</string>
			<key>lastKnownFileType</key>
			<string>sourcecode.c.objc</string>
			<key>name</key>
			<string>SZImageCollectionViewCell.m</string>
			<key>path</key>
			<string>RichTextViewDemo/SZImageCollectionViewCell.m</string>
			<key>sourceTree</key>
			<string>SOURCE_ROOT</string>
		</dict>
		<key>6D16D2D6184C9018004FFE22</key>
		<dict>
			<key>fileEncoding</key>
			<string>4</string>
			<key>isa</key>
			<string>PBXFileReference</string>
			<key>lastKnownFileType</key>
			<string>file.xib</string>
			<key>name</key>
			<string>SZImageCollectionViewCell.xib</string>
			<key>path</key>
			<string>RichTextViewDemo/SZImageCollectionViewCell.xib</string>
			<key>sourceTree</key>
			<string>SOURCE_ROOT</string>
		</dict>
		<key>6D16D2D7184C9018004FFE22</key>
		<dict>
			<key>fileEncoding</key>
			<string>4</string>
			<key>isa</key>
			<string>PBXFileReference</string>
			<key>lastKnownFileType</key>
			<string>sourcecode.c.h</string>
			<key>name</key>
			<string>SZRichTextCollectionViewCell.h</string>
			<key>path</key>
			<string>RichTextViewDemo/SZRichTextCollectionViewCell.h</string>
			<key>sourceTree</key>
			<string>SOURCE_ROOT</string>
		</dict>
		<key>6D16D2D8184C9018004FFE22</key>
		<dict>
			<key>fileEncoding</key>
			<string>4</string>
			<key>isa</key>
			<string>PBXFileReference</string>
			<key>lastKnownFileType</key>
			<string>sourcecode.c.objc</string>
			<key>name</key>
			<string>SZRichTextCollectionViewCell.m</string>
			<key>path</key>
			<string>RichTextViewDemo/SZRichTextCollectionViewCell.m</string>
			<key>sourceTree</key>
			<string>SOURCE_ROOT</string>
		</dict>
		<key>6D16D2D9184C9018004FFE22</key>
		<dict>
			<key>fileEncoding</key>
			<string>4</string>
			<key>isa</key>
			<string>PBXFileReference</string>
			<key>lastKnownFileType</key>
			<string>sourcecode.c.h</string>
			<key>name</key>
			<string>SZTextCollectionViewCell.h</string>
			<key>path</key>
			<string>RichTextViewDemo/SZTextCollectionViewCell.h</string>
			<key>sourceTree</key>
			<string>SOURCE_ROOT</string>
		</dict>
		<key>6D16D2DA184C9018004FFE22</key>
		<dict>
			<key>fileEncoding</key>
			<string>4</string>
			<key>isa</key>
			<string>PBXFileReference</string>
			<key>lastKnownFileType</key>
			<string>sourcecode.c.objc</string>
			<key>name</key>
			<string>SZTextCollectionViewCell.m</string>
			<key>path</key>
			<string>RichTextViewDemo/SZTextCollectionViewCell.m</string>
			<key>sourceTree</key>
			<string>SOURCE_ROOT</string>
		</dict>
		<key>6D16D2DB184C9018004FFE22</key>
		<dict>
			<key>fileEncoding</key>
			<string>4</string>
			<key>isa</key>
			<string>PBXFileReference</string>
			<key>lastKnownFileType</key>
			<string>file.xib</string>
			<key>name</key>
			<string>SZTextCollectionViewCell.xib</string>
			<key>path</key>
			<string>RichTextViewDemo/SZTextCollectionViewCell.xib</string>
			<key>sourceTree</key>
			<string>SOURCE_ROOT</string>
		</dict>
		<key>6D16D2DC184C9018004FFE22</key>
		<dict>
			<key>fileRef</key>
			<string>6D16D2D5184C9018004FFE22</string>
			<key>isa</key>
			<string>PBXBuildFile</string>
		</dict>
		<key>6D16D2DD184C9018004FFE22</key>
		<dict>
			<key>fileRef</key>
			<string>6D16D2D6184C9018004FFE22</string>
			<key>isa</key>
			<string>PBXBuildFile</string>
		</dict>
		<key>6D16D2DE184C9018004FFE22</key>
		<dict>
			<key>fileRef</key>
			<string>6D16D2D8184C9018004FFE22</string>
			<key>isa</key>
			<string>PBXBuildFile</string>
		</dict>
		<key>6D16D2DF184C9018004FFE22</key>
		<dict>
			<key>fileRef</key>
			<string>6D16D2DA184C9018004FFE22</string>
			<key>isa</key>
			<string>PBXBuildFile</string>
		</dict>
		<key>6D16D2E0184C9018004FFE22</key>
		<dict>
			<key>fileRef</key>
			<string>6D16D2DB184C9018004FFE22</string>
			<key>isa</key>
			<string>PBXBuildFile</string>
		</dict>
		<key>6D16D2E1184C902B004FFE22</key>
		<dict>
			<key>fileEncoding</key>
			<string>4</string>
			<key>isa</key>
			<string>PBXFileReference</string>
			<key>lastKnownFileType</key>
			<string>sourcecode.c.h</string>
			<key>name</key>
			<string>SZImage.h</string>
			<key>path</key>
			<string>RichTextViewDemo/SZImage.h</string>
			<key>sourceTree</key>
			<string>SOURCE_ROOT</string>
		</dict>
		<key>6D16D2E2184C902B004FFE22</key>
		<dict>
			<key>fileEncoding</key>
			<string>4</string>
			<key>isa</key>
			<string>PBXFileReference</string>
			<key>lastKnownFileType</key>
			<string>sourcecode.c.objc</string>
			<key>name</key>
			<string>SZImage.m</string>
			<key>path</key>
			<string>RichTextViewDemo/SZImage.m</string>
			<key>sourceTree</key>
			<string>SOURCE_ROOT</string>
		</dict>
		<key>6D16D2E3184C902B004FFE22</key>
		<dict>
			<key>fileEncoding</key>
			<string>4</string>
			<key>isa</key>
			<string>PBXFileReference</string>
			<key>lastKnownFileType</key>
			<string>sourcecode.c.h</string>
			<key>name</key>
			<string>SZRichTextObject.h</string>
			<key>path</key>
			<string>RichTextViewDemo/SZRichTextObject.h</string>
			<key>sourceTree</key>
			<string>SOURCE_ROOT</string>
		</dict>
		<key>6D16D2E4184C902B004FFE22</key>
		<dict>
			<key>fileEncoding</key>
			<string>4</string>
			<key>isa</key>
			<string>PBXFileReference</string>
			<key>lastKnownFileType</key>
			<string>sourcecode.c.objc</string>
			<key>name</key>
			<string>SZRichTextObject.m</string>
			<key>path</key>
			<string>RichTextViewDemo/SZRichTextObject.m</string>
			<key>sourceTree</key>
			<string>SOURCE_ROOT</string>
		</dict>
		<key>6D16D2E5184C902B004FFE22</key>
		<dict>
			<key>fileEncoding</key>
			<string>4</string>
			<key>isa</key>
			<string>PBXFileReference</string>
			<key>lastKnownFileType</key>
			<string>sourcecode.c.h</string>
			<key>name</key>
			<string>SZText.h</string>
			<key>path</key>
			<string>RichTextViewDemo/SZText.h</string>
			<key>sourceTree</key>
			<string>SOURCE_ROOT</string>
		</dict>
		<key>6D16D2E6184C902B004FFE22</key>
		<dict>
			<key>fileEncoding</key>
			<string>4</string>
			<key>isa</key>
			<string>PBXFileReference</string>
			<key>lastKnownFileType</key>
			<string>sourcecode.c.objc</string>
			<key>name</key>
			<string>SZText.m</string>
			<key>path</key>
			<string>RichTextViewDemo/SZText.m</string>
			<key>sourceTree</key>
			<string>SOURCE_ROOT</string>
		</dict>
		<key>6D16D2E7184C902B004FFE22</key>
		<dict>
			<key>fileRef</key>
			<string>6D16D2E2184C902B004FFE22</string>
			<key>isa</key>
			<string>PBXBuildFile</string>
		</dict>
		<key>6D16D2E8184C902B004FFE22</key>
		<dict>
			<key>fileRef</key>
			<string>6D16D2E4184C902B004FFE22</string>
			<key>isa</key>
			<string>PBXBuildFile</string>
		</dict>
		<key>6D16D2E9184C902B004FFE22</key>
		<dict>
			<key>fileRef</key>
			<string>6D16D2E6184C902B004FFE22</string>
			<key>isa</key>
			<string>PBXBuildFile</string>
		</dict>
		<key>6DC22B731837C05E00BB652A</key>
		<dict>
			<key>children</key>
			<array>
				<string>6DC22B851837C05E00BB652A</string>
				<string>6DC22B7E1837C05E00BB652A</string>
				<string>6DC22B7D1837C05E00BB652A</string>
				<string>7DB8CD9CBD974B6AAA09C2C8</string>
			</array>
			<key>isa</key>
			<string>PBXGroup</string>
			<key>sourceTree</key>
			<string>&lt;group&gt;</string>
		</dict>
		<key>6DC22B741837C05E00BB652A</key>
		<dict>
			<key>attributes</key>
			<dict>
				<key>CLASSPREFIX</key>
				<string>SZ</string>
				<key>LastUpgradeCheck</key>
				<string>0500</string>
				<key>ORGANIZATIONNAME</key>
				<string>SZX</string>
			</dict>
			<key>buildConfigurationList</key>
			<string>6DC22B771837C05E00BB652A</string>
			<key>compatibilityVersion</key>
			<string>Xcode 3.2</string>
			<key>developmentRegion</key>
			<string>English</string>
			<key>hasScannedForEncodings</key>
			<string>0</string>
			<key>isa</key>
			<string>PBXProject</string>
			<key>knownRegions</key>
			<array>
				<string>en</string>
				<string>Base</string>
			</array>
			<key>mainGroup</key>
			<string>6DC22B731837C05E00BB652A</string>
			<key>productRefGroup</key>
			<string>6DC22B7D1837C05E00BB652A</string>
			<key>projectDirPath</key>
			<string></string>
			<key>projectReferences</key>
			<array/>
			<key>projectRoot</key>
			<string></string>
			<key>targets</key>
			<array>
				<string>6DC22B7B1837C05E00BB652A</string>
			</array>
		</dict>
		<key>6DC22B771837C05E00BB652A</key>
		<dict>
			<key>buildConfigurations</key>
			<array>
				<string>6DC22BAF1837C05F00BB652A</string>
				<string>6DC22BB01837C05F00BB652A</string>
			</array>
			<key>defaultConfigurationIsVisible</key>
			<string>0</string>
			<key>defaultConfigurationName</key>
			<string>Release</string>
			<key>isa</key>
			<string>XCConfigurationList</string>
		</dict>
		<key>6DC22B781837C05E00BB652A</key>
		<dict>
			<key>buildActionMask</key>
			<string>2147483647</string>
			<key>files</key>
			<array>
				<string>6D16D2E9184C902B004FFE22</string>
				<string>6D16D2DF184C9018004FFE22</string>
				<string>6D16D2DC184C9018004FFE22</string>
				<string>6D16D2C8184C8F9A004FFE22</string>
				<string>6D16D2E7184C902B004FFE22</string>
				<string>6D16D2E8184C902B004FFE22</string>
				<string>6D16D2DE184C9018004FFE22</string>
				<string>6D16D2D3184C9006004FFE22</string>
				<string>6D16D2D0184C8FF7004FFE22</string>
			</array>
			<key>isa</key>
			<string>PBXSourcesBuildPhase</string>
			<key>runOnlyForDeploymentPostprocessing</key>
			<string>0</string>
		</dict>
		<key>6DC22B791837C05E00BB652A</key>
		<dict>
			<key>buildActionMask</key>
			<string>2147483647</string>
			<key>files</key>
			<array>
				<string>6DC22B821837C05E00BB652A</string>
				<string>6DC22B841837C05E00BB652A</string>
				<string>6DC22B801837C05E00BB652A</string>
				<string>F0960569FB5B4E46B9475675</string>
			</array>
			<key>isa</key>
			<string>PBXFrameworksBuildPhase</string>
			<key>runOnlyForDeploymentPostprocessing</key>
			<string>0</string>
		</dict>
		<key>6DC22B7A1837C05E00BB652A</key>
		<dict>
			<key>buildActionMask</key>
			<string>2147483647</string>
			<key>files</key>
			<array>
				<string>6D16D2E0184C9018004FFE22</string>
				<string>6D16D2CA184C8FD8004FFE22</string>
				<string>6D16D2C7184C8F9A004FFE22</string>
				<string>6D16D2CD184C8FE7004FFE22</string>
				<string>6D16D2DD184C9018004FFE22</string>
			</array>
			<key>isa</key>
			<string>PBXResourcesBuildPhase</string>
			<key>runOnlyForDeploymentPostprocessing</key>
			<string>0</string>
		</dict>
		<key>6DC22B7B1837C05E00BB652A</key>
		<dict>
			<key>buildConfigurationList</key>
			<string>6DC22BB11837C05F00BB652A</string>
			<key>buildPhases</key>
			<array>
				<string>6AC68BB82A1A423A8C29610D</string>
				<string>6DC22B781837C05E00BB652A</string>
				<string>6DC22B791837C05E00BB652A</string>
				<string>6DC22B7A1837C05E00BB652A</string>
				<string>DD4BF2E9450F4B5EAD179454</string>
			</array>
			<key>buildRules</key>
			<array/>
			<key>dependencies</key>
			<array/>
			<key>isa</key>
			<string>PBXNativeTarget</string>
			<key>name</key>
			<string>RichTextViewDemo</string>
			<key>productName</key>
			<string>RichTextViewTest</string>
			<key>productReference</key>
			<string>6DC22B7C1837C05E00BB652A</string>
			<key>productType</key>
			<string>com.apple.product-type.application</string>
		</dict>
		<key>6DC22B7C1837C05E00BB652A</key>
		<dict>
			<key>explicitFileType</key>
			<string>wrapper.application</string>
			<key>includeInIndex</key>
			<string>0</string>
			<key>isa</key>
			<string>PBXFileReference</string>
			<key>path</key>
			<string>RichTextViewDemo.app</string>
			<key>sourceTree</key>
			<string>BUILT_PRODUCTS_DIR</string>
		</dict>
		<key>6DC22B7D1837C05E00BB652A</key>
		<dict>
			<key>children</key>
			<array>
				<string>6DC22B7C1837C05E00BB652A</string>
			</array>
			<key>isa</key>
			<string>PBXGroup</string>
			<key>name</key>
			<string>Products</string>
			<key>sourceTree</key>
			<string>&lt;group&gt;</string>
		</dict>
		<key>6DC22B7E1837C05E00BB652A</key>
		<dict>
			<key>children</key>
			<array>
				<string>6DC22B7F1837C05E00BB652A</string>
				<string>6DC22B811837C05E00BB652A</string>
				<string>6DC22B831837C05E00BB652A</string>
				<string>6DC22BA11837C05F00BB652A</string>
				<string>628CE7BEE875440AA82974FF</string>
			</array>
			<key>isa</key>
			<string>PBXGroup</string>
			<key>name</key>
			<string>Frameworks</string>
			<key>sourceTree</key>
			<string>&lt;group&gt;</string>
		</dict>
		<key>6DC22B7F1837C05E00BB652A</key>
		<dict>
			<key>isa</key>
			<string>PBXFileReference</string>
			<key>lastKnownFileType</key>
			<string>wrapper.framework</string>
			<key>name</key>
			<string>Foundation.framework</string>
			<key>path</key>
			<string>System/Library/Frameworks/Foundation.framework</string>
			<key>sourceTree</key>
			<string>SDKROOT</string>
		</dict>
		<key>6DC22B801837C05E00BB652A</key>
		<dict>
			<key>fileRef</key>
			<string>6DC22B7F1837C05E00BB652A</string>
			<key>isa</key>
			<string>PBXBuildFile</string>
		</dict>
		<key>6DC22B811837C05E00BB652A</key>
		<dict>
			<key>isa</key>
			<string>PBXFileReference</string>
			<key>lastKnownFileType</key>
			<string>wrapper.framework</string>
			<key>name</key>
			<string>CoreGraphics.framework</string>
			<key>path</key>
			<string>System/Library/Frameworks/CoreGraphics.framework</string>
			<key>sourceTree</key>
			<string>SDKROOT</string>
		</dict>
		<key>6DC22B821837C05E00BB652A</key>
		<dict>
			<key>fileRef</key>
			<string>6DC22B811837C05E00BB652A</string>
			<key>isa</key>
			<string>PBXBuildFile</string>
		</dict>
		<key>6DC22B831837C05E00BB652A</key>
		<dict>
			<key>isa</key>
			<string>PBXFileReference</string>
			<key>lastKnownFileType</key>
			<string>wrapper.framework</string>
			<key>name</key>
			<string>UIKit.framework</string>
			<key>path</key>
			<string>System/Library/Frameworks/UIKit.framework</string>
			<key>sourceTree</key>
			<string>SDKROOT</string>
		</dict>
		<key>6DC22B841837C05E00BB652A</key>
		<dict>
			<key>fileRef</key>
			<string>6DC22B831837C05E00BB652A</string>
			<key>isa</key>
			<string>PBXBuildFile</string>
		</dict>
		<key>6DC22B851837C05E00BB652A</key>
		<dict>
			<key>children</key>
			<array>
				<string>6D16D2C4184C8F9A004FFE22</string>
				<string>6D16D2C5184C8F9A004FFE22</string>
				<string>6D16D2C6184C8F9A004FFE22</string>
				<string>6DC22B861837C05E00BB652A</string>
				<string>6D16D2D1184C9006004FFE22</string>
				<string>6D16D2D2184C9006004FFE22</string>
				<string>6D16D2C3184C8977004FFE22</string>
				<string>6D04734C1848997600D43E86</string>
			</array>
			<key>isa</key>
			<string>PBXGroup</string>
			<key>path</key>
			<string>RichTextViewTest</string>
			<key>sourceTree</key>
			<string>&lt;group&gt;</string>
		</dict>
		<key>6DC22B861837C05E00BB652A</key>
		<dict>
			<key>children</key>
			<array>
				<string>6D16D2CE184C8FF7004FFE22</string>
				<string>6D16D2CF184C8FF7004FFE22</string>
				<string>6D16D2CB184C8FE7004FFE22</string>
				<string>6D16D2C9184C8FD8004FFE22</string>
			</array>
			<key>isa</key>
			<string>PBXGroup</string>
			<key>name</key>
			<string>Supporting Files</string>
			<key>sourceTree</key>
			<string>&lt;group&gt;</string>
		</dict>
		<key>6DC22BA11837C05F00BB652A</key>
		<dict>
			<key>isa</key>
			<string>PBXFileReference</string>
			<key>lastKnownFileType</key>
			<string>wrapper.framework</string>
			<key>name</key>
			<string>XCTest.framework</string>
			<key>path</key>
			<string>Library/Frameworks/XCTest.framework</string>
			<key>sourceTree</key>
			<string>DEVELOPER_DIR</string>
		</dict>
		<key>6DC22BAF1837C05F00BB652A</key>
		<dict>
			<key>buildSettings</key>
			<dict>
				<key>ALWAYS_SEARCH_USER_PATHS</key>
				<string>NO</string>
				<key>ARCHS</key>
				<string>$(ARCHS_STANDARD_INCLUDING_64_BIT)</string>
				<key>CLANG_CXX_LANGUAGE_STANDARD</key>
				<string>gnu++0x</string>
				<key>CLANG_CXX_LIBRARY</key>
				<string>libc++</string>
				<key>CLANG_ENABLE_MODULES</key>
				<string>YES</string>
				<key>CLANG_ENABLE_OBJC_ARC</key>
				<string>YES</string>
				<key>CLANG_WARN_BOOL_CONVERSION</key>
				<string>YES</string>
				<key>CLANG_WARN_CONSTANT_CONVERSION</key>
				<string>YES</string>
				<key>CLANG_WARN_DIRECT_OBJC_ISA_USAGE</key>
				<string>YES_ERROR</string>
				<key>CLANG_WARN_EMPTY_BODY</key>
				<string>YES</string>
				<key>CLANG_WARN_ENUM_CONVERSION</key>
				<string>YES</string>
				<key>CLANG_WARN_INT_CONVERSION</key>
				<string>YES</string>
				<key>CLANG_WARN_OBJC_ROOT_CLASS</key>
				<string>YES_ERROR</string>
				<key>CLANG_WARN__DUPLICATE_METHOD_MATCH</key>
				<string>YES</string>
				<key>CODE_SIGN_IDENTITY[sdk=iphoneos*]</key>
				<string>iPhone Developer</string>
				<key>COPY_PHASE_STRIP</key>
				<string>NO</string>
				<key>GCC_C_LANGUAGE_STANDARD</key>
				<string>gnu99</string>
				<key>GCC_DYNAMIC_NO_PIC</key>
				<string>NO</string>
				<key>GCC_OPTIMIZATION_LEVEL</key>
				<string>0</string>
				<key>GCC_PREPROCESSOR_DEFINITIONS</key>
				<array>
					<string>DEBUG=1</string>
					<string>$(inherited)</string>
				</array>
				<key>GCC_SYMBOLS_PRIVATE_EXTERN</key>
				<string>NO</string>
				<key>GCC_WARN_64_TO_32_BIT_CONVERSION</key>
				<string>YES</string>
				<key>GCC_WARN_ABOUT_RETURN_TYPE</key>
				<string>YES_ERROR</string>
				<key>GCC_WARN_UNDECLARED_SELECTOR</key>
				<string>YES</string>
				<key>GCC_WARN_UNINITIALIZED_AUTOS</key>
				<string>YES</string>
				<key>GCC_WARN_UNUSED_FUNCTION</key>
				<string>YES</string>
				<key>GCC_WARN_UNUSED_VARIABLE</key>
				<string>YES</string>
				<key>IPHONEOS_DEPLOYMENT_TARGET</key>
				<string>7.0</string>
				<key>ONLY_ACTIVE_ARCH</key>
				<string>YES</string>
				<key>SDKROOT</key>
				<string>iphoneos</string>
			</dict>
			<key>isa</key>
			<string>XCBuildConfiguration</string>
			<key>name</key>
			<string>Debug</string>
		</dict>
		<key>6DC22BB01837C05F00BB652A</key>
		<dict>
			<key>buildSettings</key>
			<dict>
				<key>ALWAYS_SEARCH_USER_PATHS</key>
				<string>NO</string>
				<key>ARCHS</key>
				<string>$(ARCHS_STANDARD_INCLUDING_64_BIT)</string>
				<key>CLANG_CXX_LANGUAGE_STANDARD</key>
				<string>gnu++0x</string>
				<key>CLANG_CXX_LIBRARY</key>
				<string>libc++</string>
				<key>CLANG_ENABLE_MODULES</key>
				<string>YES</string>
				<key>CLANG_ENABLE_OBJC_ARC</key>
				<string>YES</string>
				<key>CLANG_WARN_BOOL_CONVERSION</key>
				<string>YES</string>
				<key>CLANG_WARN_CONSTANT_CONVERSION</key>
				<string>YES</string>
				<key>CLANG_WARN_DIRECT_OBJC_ISA_USAGE</key>
				<string>YES_ERROR</string>
				<key>CLANG_WARN_EMPTY_BODY</key>
				<string>YES</string>
				<key>CLANG_WARN_ENUM_CONVERSION</key>
				<string>YES</string>
				<key>CLANG_WARN_INT_CONVERSION</key>
				<string>YES</string>
				<key>CLANG_WARN_OBJC_ROOT_CLASS</key>
				<string>YES_ERROR</string>
				<key>CLANG_WARN__DUPLICATE_METHOD_MATCH</key>
				<string>YES</string>
				<key>CODE_SIGN_IDENTITY[sdk=iphoneos*]</key>
				<string>iPhone Developer</string>
				<key>COPY_PHASE_STRIP</key>
				<string>YES</string>
				<key>ENABLE_NS_ASSERTIONS</key>
				<string>NO</string>
				<key>GCC_C_LANGUAGE_STANDARD</key>
				<string>gnu99</string>
				<key>GCC_WARN_64_TO_32_BIT_CONVERSION</key>
				<string>YES</string>
				<key>GCC_WARN_ABOUT_RETURN_TYPE</key>
				<string>YES_ERROR</string>
				<key>GCC_WARN_UNDECLARED_SELECTOR</key>
				<string>YES</string>
				<key>GCC_WARN_UNINITIALIZED_AUTOS</key>
				<string>YES</string>
				<key>GCC_WARN_UNUSED_FUNCTION</key>
				<string>YES</string>
				<key>GCC_WARN_UNUSED_VARIABLE</key>
				<string>YES</string>
				<key>IPHONEOS_DEPLOYMENT_TARGET</key>
				<string>7.0</string>
				<key>SDKROOT</key>
				<string>iphoneos</string>
				<key>VALIDATE_PRODUCT</key>
				<string>YES</string>
			</dict>
			<key>isa</key>
			<string>XCBuildConfiguration</string>
			<key>name</key>
			<string>Release</string>
		</dict>
		<key>6DC22BB11837C05F00BB652A</key>
		<dict>
			<key>buildConfigurations</key>
			<array>
				<string>6DC22BB21837C05F00BB652A</string>
				<string>6DC22BB31837C05F00BB652A</string>
			</array>
			<key>defaultConfigurationIsVisible</key>
			<string>0</string>
			<key>defaultConfigurationName</key>
			<string>Release</string>
			<key>isa</key>
			<string>XCConfigurationList</string>
		</dict>
		<key>6DC22BB21837C05F00BB652A</key>
		<dict>
			<key>baseConfigurationReference</key>
			<string>7DB8CD9CBD974B6AAA09C2C8</string>
			<key>buildSettings</key>
			<dict>
				<key>ASSETCATALOG_COMPILER_APPICON_NAME</key>
				<string>AppIcon</string>
				<key>ASSETCATALOG_COMPILER_LAUNCHIMAGE_NAME</key>
				<string>LaunchImage</string>
				<key>GCC_PRECOMPILE_PREFIX_HEADER</key>
				<string>YES</string>
				<key>GCC_PREFIX_HEADER</key>
				<string>RichTextViewTest/RichTextViewDemo-Prefix.pch</string>
				<key>INFOPLIST_FILE</key>
				<string>RichTextViewTest/RichTextViewDemo-Info.plist</string>
				<key>PRODUCT_NAME</key>
				<string>RichTextViewDemo</string>
				<key>WRAPPER_EXTENSION</key>
				<string>app</string>
			</dict>
			<key>isa</key>
			<string>XCBuildConfiguration</string>
			<key>name</key>
			<string>Debug</string>
		</dict>
		<key>6DC22BB31837C05F00BB652A</key>
		<dict>
			<key>baseConfigurationReference</key>
			<string>7DB8CD9CBD974B6AAA09C2C8</string>
			<key>buildSettings</key>
			<dict>
				<key>ASSETCATALOG_COMPILER_APPICON_NAME</key>
				<string>AppIcon</string>
				<key>ASSETCATALOG_COMPILER_LAUNCHIMAGE_NAME</key>
				<string>LaunchImage</string>
				<key>GCC_PRECOMPILE_PREFIX_HEADER</key>
				<string>YES</string>
				<key>GCC_PREFIX_HEADER</key>
				<string>RichTextViewTest/RichTextViewDemo-Prefix.pch</string>
				<key>INFOPLIST_FILE</key>
				<string>RichTextViewTest/RichTextViewDemo-Info.plist</string>
				<key>PRODUCT_NAME</key>
				<string>RichTextViewDemo</string>
				<key>WRAPPER_EXTENSION</key>
				<string>app</string>
			</dict>
			<key>isa</key>
			<string>XCBuildConfiguration</string>
			<key>name</key>
			<string>Release</string>
		</dict>
		<key>7DB8CD9CBD974B6AAA09C2C8</key>
		<dict>
			<key>includeInIndex</key>
			<string>1</string>
			<key>isa</key>
			<string>PBXFileReference</string>
			<key>lastKnownFileType</key>
			<string>text.xcconfig</string>
			<key>name</key>
			<string>Pods.xcconfig</string>
			<key>path</key>
			<string>Pods/Pods.xcconfig</string>
			<key>sourceTree</key>
			<string>&lt;group&gt;</string>
		</dict>
		<key>DD4BF2E9450F4B5EAD179454</key>
		<dict>
			<key>buildActionMask</key>
			<string>2147483647</string>
			<key>files</key>
			<array/>
			<key>inputPaths</key>
			<array/>
			<key>isa</key>
			<string>PBXShellScriptBuildPhase</string>
			<key>name</key>
			<string>Copy Pods Resources</string>
			<key>outputPaths</key>
			<array/>
			<key>runOnlyForDeploymentPostprocessing</key>
			<string>0</string>
			<key>shellPath</key>
			<string>/bin/sh</string>
			<key>shellScript</key>
			<string>"${SRCROOT}/Pods/Pods-resources.sh"
</string>
			<key>showEnvVarsInLog</key>
			<string>0</string>
		</dict>
		<key>F0960569FB5B4E46B9475675</key>
		<dict>
			<key>fileRef</key>
			<string>628CE7BEE875440AA82974FF</string>
			<key>isa</key>
			<string>PBXBuildFile</string>
		</dict>
	</dict>
	<key>rootObject</key>
	<string>6DC22B741837C05E00BB652A</string>
</dict>
</plist>
